{
    "_meta": {
        "hash": {
            "sha256": "1bc40fd5609e2ed3825882ce7e072240ef9f0fb086718c6a09e8bb5d551c08a3"
        },
        "pipfile-spec": 6,
        "requires": {},
        "sources": [
            {
                "url": "https://pypi.python.org/simple",
                "verify_ssl": true
            }
        ]
    },
    "default": {},
    "develop": {
        "py": {
            "hashes": [
                "sha256:21b81bda15b66ef5e1a777a21c4dcd9c20ad3efd0b3f817e7a809035269e1bd3",
                "sha256:3b80836aa6d1feeaa108e046da6423ab8f6ceda6468545ae8d02d9d58d18818a"
            ],
            "version": "==1.10.0"
        },
        "pytest": {
            "hashes": [
                "sha256:66f332ae62593b874a648b10a8cb106bfdacd2c6288ed7dec3713c3a808a6017",
                "sha256:b70696ebd1a5e6b627e7e3ac1365a4bc60aaf3495e843c1e70448966c5224cab"
            ],
            "version": "==3.0.7"
        }
    }
}
